// !$*UTF8*$!
{
	archiveVersion = 1;
	classes = {
	};
	objectVersion = 77;
	objects = {

/* Begin PBXBuildFile section */
		1011ADF9B649FC6D3C1EBDA3 /* PDFOutlineSidebarView.swift in Sources */ = {isa = PBXBuildFile; fileRef = 9B661E810829DCB71DA2BB60 /* PDFOutlineSidebarView.swift */; };
		290C3D3454A7E5CE2ECF8899 /* liblumen_pdf_core.dylib in Frameworks */ = {isa = PBXBuildFile; fileRef = FDAFB107C96F1EAEFC542766 /* liblumen_pdf_core.dylib */; };
		2A814A39F2654BC077AF664E /* SettingsView.swift in Sources */ = {isa = PBXBuildFile; fileRef = AAADF103642AE411F00A83B2 /* SettingsView.swift */; };
		3005154FA6AB583C3EB98F33 /* liblumen_pdf_core.dylib in Resources */ = {isa = PBXBuildFile; fileRef = C5C9CEA207C75F85B4568607 /* liblumen_pdf_core.dylib */; };
		482C829E5FEBA2F21ABA0AE9 /* AudioService.swift in Sources */ = {isa = PBXBuildFile; fileRef = DCF17425FFE3A224B125B14E /* AudioService.swift */; };
		4EBF0C7A122BDF8C7C57DA1F /* lumen_pdf_core.swift in Sources */ = {isa = PBXBuildFile; fileRef = 7EB370CA870617D926A8D892 /* lumen_pdf_core.swift */; };
		52E9C65C082F9A4B1BBCAA38 /* ContextSentenceFormatting.swift in Sources */ = {isa = PBXBuildFile; fileRef = 4C7DB11713DA8AACF51DC35F /* ContextSentenceFormatting.swift */; };
		648EECC19E4D6B643AE2502D /* Assets.xcassets in Resources */ = {isa = PBXBuildFile; fileRef = 86397D3859663CD7D5B07982 /* Assets.xcassets */; };
		751E131F4EA169979C86BE05 /* VocabularyListView.swift in Sources */ = {isa = PBXBuildFile; fileRef = 0D66F2D5BF54DF0277E8B8F5 /* VocabularyListView.swift */; };
		782238EECEFDCFCC4C6F4807 /* BridgeService.swift in Sources */ = {isa = PBXBuildFile; fileRef = D971163E74432C8E4D8E88B6 /* BridgeService.swift */; };
		7F3CC90F36A5EE8DA40DDAE6 /* LibrarySidebarView.swift in Sources */ = {isa = PBXBuildFile; fileRef = CBADA67AFE4CCA308FE5ECE3 /* LibrarySidebarView.swift */; };
		8246E924EA83D6F6405B17CF /* KeychainService.swift in Sources */ = {isa = PBXBuildFile; fileRef = FD4E62576C65814E3950EBA5 /* KeychainService.swift */; };
		848778EA79429D8021B4DD18 /* ReadingSessionService.swift in Sources */ = {isa = PBXBuildFile; fileRef = 809C1E40B8B6298D0717419D /* ReadingSessionService.swift */; };
		9257B0414A31CB31C2441A29 /* liblumen_pdf_core.dylib in Embed Frameworks */ = {isa = PBXBuildFile; fileRef = FDAFB107C96F1EAEFC542766 /* liblumen_pdf_core.dylib */; settings = {ATTRIBUTES = (CodeSignOnCopy, RemoveHeadersOnCopy, ); }; };
		AF82E5794BAC9B20BC7C6746 /* TranslationErrorFormatter.swift in Sources */ = {isa = PBXBuildFile; fileRef = 64617D1512820E56274C1747 /* TranslationErrorFormatter.swift */; };
		B308BE40E9C7A5E667FB725E /* TranslationBubble.swift in Sources */ = {isa = PBXBuildFile; fileRef = C67FF397B0476E532E9D1AFE /* TranslationBubble.swift */; };
		DA410654D0FCF8C48775E83D /* LumenPDFApp.swift in Sources */ = {isa = PBXBuildFile; fileRef = 66589F46D22ED6A1DCCCB8A8 /* LumenPDFApp.swift */; };
		DD2BBDABC05C216597F66BE9 /* PDFReaderView.swift in Sources */ = {isa = PBXBuildFile; fileRef = 32758932B2FC895E4526CA2E /* PDFReaderView.swift */; };
		E23D236734A52E85A8BA40C8 /* ContentView.swift in Sources */ = {isa = PBXBuildFile; fileRef = 92D0F2DE24CFD041786B3ED5 /* ContentView.swift */; };
		F2CDC7FD8BBAD40DD2870EBF /* AppState.swift in Sources */ = {isa = PBXBuildFile; fileRef = E7BE79696867D170FC2335E2 /* AppState.swift */; };
/* End PBXBuildFile section */

/* Begin PBXCopyFilesBuildPhase section */
		8189F40A1B910E665B2D02EB /* Embed Frameworks */ = {
			isa = PBXCopyFilesBuildPhase;
			buildActionMask = 2147483647;
			dstPath = "";
			dstSubfolderSpec = 10;
			files = (
				9257B0414A31CB31C2441A29 /* liblumen_pdf_core.dylib in Embed Frameworks */,
			);
			name = "Embed Frameworks";
			runOnlyForDeploymentPostprocessing = 0;
		};
/* End PBXCopyFilesBuildPhase section */

/* Begin PBXFileReference section */
		0CAE0AF4D6907DA0DFD2F1BE /* LumenPDF.app */ = {isa = PBXFileReference; explicitFileType = wrapper.application; includeInIndex = 0; path = LumenPDF.app; sourceTree = BUILT_PRODUCTS_DIR; };
		0D66F2D5BF54DF0277E8B8F5 /* VocabularyListView.swift */ = {isa = PBXFileReference; lastKnownFileType = sourcecode.swift; path = VocabularyListView.swift; sourceTree = "<group>"; };
		32758932B2FC895E4526CA2E /* PDFReaderView.swift */ = {isa = PBXFileReference; lastKnownFileType = sourcecode.swift; path = PDFReaderView.swift; sourceTree = "<group>"; };
		4C7DB11713DA8AACF51DC35F /* ContextSentenceFormatting.swift */ = {isa = PBXFileReference; lastKnownFileType = sourcecode.swift; path = ContextSentenceFormatting.swift; sourceTree = "<group>"; };
		64617D1512820E56274C1747 /* TranslationErrorFormatter.swift */ = {isa = PBXFileReference; lastKnownFileType = sourcecode.swift; path = TranslationErrorFormatter.swift; sourceTree = "<group>"; };
		66589F46D22ED6A1DCCCB8A8 /* LumenPDFApp.swift */ = {isa = PBXFileReference; lastKnownFileType = sourcecode.swift; path = LumenPDFApp.swift; sourceTree = "<group>"; };
		6F354BA18B527FD479DEB166 /* lumen_pdf_coreFFI.h */ = {isa = PBXFileReference; lastKnownFileType = sourcecode.c.h; path = lumen_pdf_coreFFI.h; sourceTree = "<group>"; };
		7EB370CA870617D926A8D892 /* lumen_pdf_core.swift */ = {isa = PBXFileReference; lastKnownFileType = sourcecode.swift; path = lumen_pdf_core.swift; sourceTree = "<group>"; };
		809C1E40B8B6298D0717419D /* ReadingSessionService.swift */ = {isa = PBXFileReference; lastKnownFileType = sourcecode.swift; path = ReadingSessionService.swift; sourceTree = "<group>"; };
		86397D3859663CD7D5B07982 /* Assets.xcassets */ = {isa = PBXFileReference; lastKnownFileType = folder.assetcatalog; path = Assets.xcassets; sourceTree = "<group>"; };
		92D0F2DE24CFD041786B3ED5 /* ContentView.swift */ = {isa = PBXFileReference; lastKnownFileType = sourcecode.swift; path = ContentView.swift; sourceTree = "<group>"; };
		9B661E810829DCB71DA2BB60 /* PDFOutlineSidebarView.swift */ = {isa = PBXFileReference; lastKnownFileType = sourcecode.swift; path = PDFOutlineSidebarView.swift; sourceTree = "<group>"; };
		AAADF103642AE411F00A83B2 /* SettingsView.swift */ = {isa = PBXFileReference; lastKnownFileType = sourcecode.swift; path = SettingsView.swift; sourceTree = "<group>"; };
		C4B30D9C086E3F01B5AD75F6 /* lumen_pdf_coreFFI.modulemap */ = {isa = PBXFileReference; lastKnownFileType = "sourcecode.module-map"; path = lumen_pdf_coreFFI.modulemap; sourceTree = "<group>"; };
		C5C9CEA207C75F85B4568607 /* liblumen_pdf_core.dylib */ = {isa = PBXFileReference; lastKnownFileType = "compiled.mach-o.dylib"; path = liblumen_pdf_core.dylib; sourceTree = "<group>"; };
		C67FF397B0476E532E9D1AFE /* TranslationBubble.swift */ = {isa = PBXFileReference; lastKnownFileType = sourcecode.swift; path = TranslationBubble.swift; sourceTree = "<group>"; };
		CBADA67AFE4CCA308FE5ECE3 /* LibrarySidebarView.swift */ = {isa = PBXFileReference; lastKnownFileType = sourcecode.swift; path = LibrarySidebarView.swift; sourceTree = "<group>"; };
		D971163E74432C8E4D8E88B6 /* BridgeService.swift */ = {isa = PBXFileReference; lastKnownFileType = sourcecode.swift; path = BridgeService.swift; sourceTree = "<group>"; };
		DCF17425FFE3A224B125B14E /* AudioService.swift */ = {isa = PBXFileReference; lastKnownFileType = sourcecode.swift; path = AudioService.swift; sourceTree = "<group>"; };
		E7BE79696867D170FC2335E2 /* AppState.swift */ = {isa = PBXFileReference; lastKnownFileType = sourcecode.swift; path = AppState.swift; sourceTree = "<group>"; };
		FD4E62576C65814E3950EBA5 /* KeychainService.swift */ = {isa = PBXFileReference; lastKnownFileType = sourcecode.swift; path = KeychainService.swift; sourceTree = "<group>"; };
		FDAFB107C96F1EAEFC542766 /* liblumen_pdf_core.dylib */ = {isa = PBXFileReference; lastKnownFileType = "compiled.mach-o.dylib"; name = liblumen_pdf_core.dylib; path = Generated/liblumen_pdf_core.dylib; sourceTree = "<group>"; };
/* End PBXFileReference section */

/* Begin PBXFrameworksBuildPhase section */
		FA2089ED9446B627995439A5 /* Frameworks */ = {
			isa = PBXFrameworksBuildPhase;
			buildActionMask = 2147483647;
			files = (
				290C3D3454A7E5CE2ECF8899 /* liblumen_pdf_core.dylib in Frameworks */,
			);
			runOnlyForDeploymentPostprocessing = 0;
		};
/* End PBXFrameworksBuildPhase section */

/* Begin PBXGroup section */
		1D124D5B2F60B802388BDF11 /* Views */ = {
			isa = PBXGroup;
			children = (
				92D0F2DE24CFD041786B3ED5 /* ContentView.swift */,
				4C7DB11713DA8AACF51DC35F /* ContextSentenceFormatting.swift */,
				CBADA67AFE4CCA308FE5ECE3 /* LibrarySidebarView.swift */,
				9B661E810829DCB71DA2BB60 /* PDFOutlineSidebarView.swift */,
				32758932B2FC895E4526CA2E /* PDFReaderView.swift */,
				AAADF103642AE411F00A83B2 /* SettingsView.swift */,
				C67FF397B0476E532E9D1AFE /* TranslationBubble.swift */,
				0D66F2D5BF54DF0277E8B8F5 /* VocabularyListView.swift */,
			);
			path = Views;
			sourceTree = "<group>";
		};
		28B6CB79ED534223E8AC25BB /* Services */ = {
			isa = PBXGroup;
			children = (
				DCF17425FFE3A224B125B14E /* AudioService.swift */,
				D971163E74432C8E4D8E88B6 /* BridgeService.swift */,
				FD4E62576C65814E3950EBA5 /* KeychainService.swift */,
				809C1E40B8B6298D0717419D /* ReadingSessionService.swift */,
				64617D1512820E56274C1747 /* TranslationErrorFormatter.swift */,
			);
			path = Services;
			sourceTree = "<group>";
		};
		309AA62B4144E7FCA9D15954 /* Frameworks */ = {
			isa = PBXGroup;
			children = (
				FDAFB107C96F1EAEFC542766 /* liblumen_pdf_core.dylib */,
			);
			name = Frameworks;
			sourceTree = "<group>";
		};
		7CCAAFFDAF7FE8C6AD7753DF = {
			isa = PBXGroup;
			children = (
				86397D3859663CD7D5B07982 /* Assets.xcassets */,
				88264BB772BD40E71DDBAF54 /* App */,
				E504FF878A5BB26BE530F70B /* Generated */,
				28B6CB79ED534223E8AC25BB /* Services */,
				1D124D5B2F60B802388BDF11 /* Views */,
				309AA62B4144E7FCA9D15954 /* Frameworks */,
				C3B3EE02DBFA572BDBFDF888 /* Products */,
			);
			sourceTree = "<group>";
		};
		88264BB772BD40E71DDBAF54 /* App */ = {
			isa = PBXGroup;
			children = (
				E7BE79696867D170FC2335E2 /* AppState.swift */,
				66589F46D22ED6A1DCCCB8A8 /* LumenPDFApp.swift */,
			);
			path = App;
			sourceTree = "<group>";
		};
		C3B3EE02DBFA572BDBFDF888 /* Products */ = {
			isa = PBXGroup;
			children = (
				0CAE0AF4D6907DA0DFD2F1BE /* LumenPDF.app */,
			);
			name = Products;
			sourceTree = "<group>";
		};
		E504FF878A5BB26BE530F70B /* Generated */ = {
			isa = PBXGroup;
			children = (
				C5C9CEA207C75F85B4568607 /* liblumen_pdf_core.dylib */,
				7EB370CA870617D926A8D892 /* lumen_pdf_core.swift */,
				6F354BA18B527FD479DEB166 /* lumen_pdf_coreFFI.h */,
				C4B30D9C086E3F01B5AD75F6 /* lumen_pdf_coreFFI.modulemap */,
			);
			path = Generated;
			sourceTree = "<group>";
		};
/* End PBXGroup section */

/* Begin PBXNativeTarget section */
		22F8C9917248D76674474CBE /* LumenPDF */ = {
			isa = PBXNativeTarget;
			buildConfigurationList = 6BEE328DDED30D679A88DC08 /* Build configuration list for PBXNativeTarget "LumenPDF" */;
			buildPhases = (
				F1ACF2C7E7F12EAF480C6581 /* Sources */,
				73276E072C05CE65A75B870A /* Resources */,
				FA2089ED9446B627995439A5 /* Frameworks */,
				8189F40A1B910E665B2D02EB /* Embed Frameworks */,
			);
			buildRules = (
			);
			dependencies = (
			);
			name = LumenPDF;
			packageProductDependencies = (
			);
			productName = LumenPDF;
			productReference = 0CAE0AF4D6907DA0DFD2F1BE /* LumenPDF.app */;
			productType = "com.apple.product-type.application";
		};
/* End PBXNativeTarget section */

/* Begin PBXProject section */
		F0D41ACE2985FEF2C0F639CD /* Project object */ = {
			isa = PBXProject;
			attributes = {
				BuildIndependentTargetsInParallel = YES;
				LastUpgradeCheck = 1430;
				TargetAttributes = {
					22F8C9917248D76674474CBE = {
						DevelopmentTeam = "";
						ProvisioningStyle = Automatic;
					};
				};
			};
			buildConfigurationList = E23EB1CC0E70404C4216B378 /* Build configuration list for PBXProject "LumenPDF" */;
			developmentRegion = en;
			hasScannedForEncodings = 0;
			knownRegions = (
				Base,
				en,
			);
			mainGroup = 7CCAAFFDAF7FE8C6AD7753DF;
			minimizedProjectReferenceProxies = 1;
			preferredProjectObjectVersion = 77;
			productRefGroup = C3B3EE02DBFA572BDBFDF888 /* Products */;
			projectDirPath = "";
			projectRoot = "";
			targets = (
				22F8C9917248D76674474CBE /* LumenPDF */,
			);
		};
/* End PBXProject section */

/* Begin PBXResourcesBuildPhase section */
		73276E072C05CE65A75B870A /* Resources */ = {
			isa = PBXResourcesBuildPhase;
			buildActionMask = 2147483647;
			files = (
				648EECC19E4D6B643AE2502D /* Assets.xcassets in Resources */,
				3005154FA6AB583C3EB98F33 /* liblumen_pdf_core.dylib in Resources */,
			);
			runOnlyForDeploymentPostprocessing = 0;
		};
/* End PBXResourcesBuildPhase section */

/* Begin PBXSourcesBuildPhase section */
		F1ACF2C7E7F12EAF480C6581 /* Sources */ = {
			isa = PBXSourcesBuildPhase;
			buildActionMask = 2147483647;
			files = (
				F2CDC7FD8BBAD40DD2870EBF /* AppState.swift in Sources */,
				482C829E5FEBA2F21ABA0AE9 /* AudioService.swift in Sources */,
				782238EECEFDCFCC4C6F4807 /* BridgeService.swift in Sources */,
				E23D236734A52E85A8BA40C8 /* ContentView.swift in Sources */,
				52E9C65C082F9A4B1BBCAA38 /* ContextSentenceFormatting.swift in Sources */,
				8246E924EA83D6F6405B17CF /* KeychainService.swift in Sources */,
				7F3CC90F36A5EE8DA40DDAE6 /* LibrarySidebarView.swift in Sources */,
				DA410654D0FCF8C48775E83D /* LumenPDFApp.swift in Sources */,
				1011ADF9B649FC6D3C1EBDA3 /* PDFOutlineSidebarView.swift in Sources */,
				DD2BBDABC05C216597F66BE9 /* PDFReaderView.swift in Sources */,
				848778EA79429D8021B4DD18 /* ReadingSessionService.swift in Sources */,
				2A814A39F2654BC077AF664E /* SettingsView.swift in Sources */,
				B308BE40E9C7A5E667FB725E /* TranslationBubble.swift in Sources */,
				AF82E5794BAC9B20BC7C6746 /* TranslationErrorFormatter.swift in Sources */,
				751E131F4EA169979C86BE05 /* VocabularyListView.swift in Sources */,
				4EBF0C7A122BDF8C7C57DA1F /* lumen_pdf_core.swift in Sources */,
			);
			runOnlyForDeploymentPostprocessing = 0;
		};
/* End PBXSourcesBuildPhase section */

/* Begin XCBuildConfiguration section */
		92C76A1C5C6DF6B0D4C860E0 /* Debug */ = {
			isa = XCBuildConfiguration;
			buildSettings = {
				ALWAYS_SEARCH_USER_PATHS = NO;
				CLANG_ANALYZER_NONNULL = YES;
				CLANG_ANALYZER_NUMBER_OBJECT_CONVERSION = YES_AGGRESSIVE;
				CLANG_CXX_LANGUAGE_STANDARD = "gnu++14";
				CLANG_CXX_LIBRARY = "libc++";
				CLANG_ENABLE_MODULES = YES;
				CLANG_ENABLE_OBJC_ARC = YES;
				CLANG_ENABLE_OBJC_WEAK = YES;
				CLANG_WARN_BLOCK_CAPTURE_AUTORELEASING = YES;
				CLANG_WARN_BOOL_CONVERSION = YES;
				CLANG_WARN_COMMA = YES;
				CLANG_WARN_CONSTANT_CONVERSION = YES;
				CLANG_WARN_DEPRECATED_OBJC_IMPLEMENTATIONS = YES;
				CLANG_WARN_DIRECT_OBJC_ISA_USAGE = YES_ERROR;
				CLANG_WARN_DOCUMENTATION_COMMENTS = YES;
				CLANG_WARN_EMPTY_BODY = YES;
				CLANG_WARN_ENUM_CONVERSION = YES;
				CLANG_WARN_INFINITE_RECURSION = YES;
				CLANG_WARN_INT_CONVERSION = YES;
				CLANG_WARN_NON_LITERAL_NULL_CONVERSION = YES;
				CLANG_WARN_OBJC_IMPLICIT_RETAIN_SELF = YES;
				CLANG_WARN_OBJC_LITERAL_CONVERSION = YES;
				CLANG_WARN_OBJC_ROOT_CLASS = YES_ERROR;
				CLANG_WARN_QUOTED_INCLUDE_IN_FRAMEWORK_HEADER = YES;
				CLANG_WARN_RANGE_LOOP_ANALYSIS = YES;
				CLANG_WARN_STRICT_PROTOTYPES = YES;
				CLANG_WARN_SUSPICIOUS_MOVE = YES;
				CLANG_WARN_UNGUARDED_AVAILABILITY = YES_AGGRESSIVE;
				CLANG_WARN_UNREACHABLE_CODE = YES;
				CLANG_WARN__DUPLICATE_METHOD_MATCH = YES;
				CODE_SIGN_STYLE = Automatic;
				COPY_PHASE_STRIP = NO;
				DEBUG_INFORMATION_FORMAT = dwarf;
				DEVELOPMENT_TEAM = "";
				ENABLE_STRICT_OBJC_MSGSEND = YES;
				ENABLE_TESTABILITY = YES;
				GCC_C_LANGUAGE_STANDARD = gnu11;
				GCC_DYNAMIC_NO_PIC = NO;
				GCC_NO_COMMON_BLOCKS = YES;
				GCC_OPTIMIZATION_LEVEL = 0;
				GCC_PREPROCESSOR_DEFINITIONS = (
					"$(inherited)",
					"DEBUG=1",
				);
				GCC_WARN_64_TO_32_BIT_CONVERSION = YES;
				GCC_WARN_ABOUT_RETURN_TYPE = YES_ERROR;
				GCC_WARN_UNDECLARED_SELECTOR = YES;
				GCC_WARN_UNINITIALIZED_AUTOS = YES_AGGRESSIVE;
				GCC_WARN_UNUSED_FUNCTION = YES;
				GCC_WARN_UNUSED_VARIABLE = YES;
				MACOSX_DEPLOYMENT_TARGET = 13.0;
				MTL_ENABLE_DEBUG_INFO = INCLUDE_SOURCE;
				MTL_FAST_MATH = YES;
				ONLY_ACTIVE_ARCH = YES;
				PRODUCT_NAME = "$(TARGET_NAME)";
				SDKROOT = macosx;
				SWIFT_ACTIVE_COMPILATION_CONDITIONS = DEBUG;
				SWIFT_OPTIMIZATION_LEVEL = "-Onone";
				SWIFT_VERSION = 5.9;
			};
			name = Debug;
		};
		DE39960ABC511165E58779EE /* Debug */ = {
			isa = XCBuildConfiguration;
			buildSettings = {
				ASSETCATALOG_COMPILER_APPICON_NAME = AppIcon;
				CODE_SIGN_ENTITLEMENTS = LumenPDF.entitlements;
				COMBINE_HIDPI_IMAGES = YES;
				FRAMEWORK_SEARCH_PATHS = (
					"$(inherited)",
					"\"Generated\"",
				);
				HEADER_SEARCH_PATHS = "$(inherited) $(SRCROOT)/Generated";
				INFOPLIST_FILE = Info.plist;
				LD_RUNPATH_SEARCH_PATHS = "$(inherited) @executable_path/../Frameworks";
				LIBRARY_SEARCH_PATHS = "$(inherited) $(SRCROOT)/Generated";
				OTHER_LDFLAGS = "$(inherited) -llumen_pdf_core";
				OTHER_SWIFT_FLAGS = "$(inherited) -Xcc -fmodule-map-file=$(SRCROOT)/Generated/lumen_pdf_coreFFI.modulemap";
				PRODUCT_BUNDLE_IDENTIFIER = com.LumenPDF.app;
				SDKROOT = macosx;
				SWIFT_INCLUDE_PATHS = "$(SRCROOT)/Generated";
			};
			name = Debug;
		};
		F226B6328734D54E2D20E9FF /* Release */ = {
			isa = XCBuildConfiguration;
			buildSettings = {
				ALWAYS_SEARCH_USER_PATHS = NO;
				CLANG_ANALYZER_NONNULL = YES;
				CLANG_ANALYZER_NUMBER_OBJECT_CONVERSION = YES_AGGRESSIVE;
				CLANG_CXX_LANGUAGE_STANDARD = "gnu++14";
				CLANG_CXX_LIBRARY = "libc++";
				CLANG_ENABLE_MODULES = YES;
				CLANG_ENABLE_OBJC_ARC = YES;
				CLANG_ENABLE_OBJC_WEAK = YES;
				CLANG_WARN_BLOCK_CAPTURE_AUTORELEASING = YES;
				CLANG_WARN_BOOL_CONVERSION = YES;
				CLANG_WARN_COMMA = YES;
				CLANG_WARN_CONSTANT_CONVERSION = YES;
				CLANG_WARN_DEPRECATED_OBJC_IMPLEMENTATIONS = YES;
				CLANG_WARN_DIRECT_OBJC_ISA_USAGE = YES_ERROR;
				CLANG_WARN_DOCUMENTATION_COMMENTS = YES;
				CLANG_WARN_EMPTY_BODY = YES;
				CLANG_WARN_ENUM_CONVERSION = YES;
				CLANG_WARN_INFINITE_RECURSION = YES;
				CLANG_WARN_INT_CONVERSION = YES;
				CLANG_WARN_NON_LITERAL_NULL_CONVERSION = YES;
				CLANG_WARN_OBJC_IMPLICIT_RETAIN_SELF = YES;
				CLANG_WARN_OBJC_LITERAL_CONVERSION = YES;
				CLANG_WARN_OBJC_ROOT_CLASS = YES_ERROR;
				CLANG_WARN_QUOTED_INCLUDE_IN_FRAMEWORK_HEADER = YES;
				CLANG_WARN_RANGE_LOOP_ANALYSIS = YES;
				CLANG_WARN_STRICT_PROTOTYPES = YES;
				CLANG_WARN_SUSPICIOUS_MOVE = YES;
				CLANG_WARN_UNGUARDED_AVAILABILITY = YES_AGGRESSIVE;
				CLANG_WARN_UNREACHABLE_CODE = YES;
				CLANG_WARN__DUPLICATE_METHOD_MATCH = YES;
				CODE_SIGN_STYLE = Automatic;
				COPY_PHASE_STRIP = NO;
				DEBUG_INFORMATION_FORMAT = "dwarf-with-dsym";
				DEVELOPMENT_TEAM = "";
				ENABLE_NS_ASSERTIONS = NO;
				ENABLE_STRICT_OBJC_MSGSEND = YES;
				GCC_C_LANGUAGE_STANDARD = gnu11;
				GCC_NO_COMMON_BLOCKS = YES;
				GCC_WARN_64_TO_32_BIT_CONVERSION = YES;
				GCC_WARN_ABOUT_RETURN_TYPE = YES_ERROR;
				GCC_WARN_UNDECLARED_SELECTOR = YES;
				GCC_WARN_UNINITIALIZED_AUTOS = YES_AGGRESSIVE;
				GCC_WARN_UNUSED_FUNCTION = YES;
				GCC_WARN_UNUSED_VARIABLE = YES;
				MACOSX_DEPLOYMENT_TARGET = 13.0;
				MTL_ENABLE_DEBUG_INFO = NO;
				MTL_FAST_MATH = YES;
				PRODUCT_NAME = "$(TARGET_NAME)";
				SDKROOT = macosx;
				SWIFT_COMPILATION_MODE = wholemodule;
				SWIFT_OPTIMIZATION_LEVEL = "-O";
				SWIFT_VERSION = 5.9;
			};
			name = Release;
		};
		F78C5FAED210B3F0BDBF605E /* Release */ = {
			isa = XCBuildConfiguration;
			buildSettings = {
				ASSETCATALOG_COMPILER_APPICON_NAME = AppIcon;
				CODE_SIGN_ENTITLEMENTS = LumenPDF.entitlements;
				COMBINE_HIDPI_IMAGES = YES;
				FRAMEWORK_SEARCH_PATHS = (
					"$(inherited)",
					"\"Generated\"",
				);
				HEADER_SEARCH_PATHS = "$(inherited) $(SRCROOT)/Generated";
				INFOPLIST_FILE = Info.plist;
				LD_RUNPATH_SEARCH_PATHS = "$(inherited) @executable_path/../Frameworks";
				LIBRARY_SEARCH_PATHS = "$(inherited) $(SRCROOT)/Generated";
				OTHER_LDFLAGS = "$(inherited) -llumen_pdf_core";
				OTHER_SWIFT_FLAGS = "$(inherited) -Xcc -fmodule-map-file=$(SRCROOT)/Generated/lumen_pdf_coreFFI.modulemap";
				PRODUCT_BUNDLE_IDENTIFIER = com.LumenPDF.app;
				SDKROOT = macosx;
				SWIFT_INCLUDE_PATHS = "$(SRCROOT)/Generated";
			};
			name = Release;
		};
/* End XCBuildConfiguration section */

/* Begin XCConfigurationList section */
		6BEE328DDED30D679A88DC08 /* Build configuration list for PBXNativeTarget "LumenPDF" */ = {
			isa = XCConfigurationList;
			buildConfigurations = (
				DE39960ABC511165E58779EE /* Debug */,
				F78C5FAED210B3F0BDBF605E /* Release */,
			);
			defaultConfigurationIsVisible = 0;
			defaultConfigurationName = Debug;
		};
		E23EB1CC0E70404C4216B378 /* Build configuration list for PBXProject "LumenPDF" */ = {
			isa = XCConfigurationList;
			buildConfigurations = (
				92C76A1C5C6DF6B0D4C860E0 /* Debug */,
				F226B6328734D54E2D20E9FF /* Release */,
			);
			defaultConfigurationIsVisible = 0;
			defaultConfigurationName = Debug;
		};
/* End XCConfigurationList section */
	};
	rootObject = F0D41ACE2985FEF2C0F639CD /* Project object */;
}
